
Microsoft Visual Studio Solution File, Format Version 12.00
# Visual Studio Version 17
VisualStudioVersion = 17.5.33530.505
MinimumVisualStudioVersion = 10.0.40219.1
Project("{FAE04EC0-301F-11D3-BF4B-00C04F79EFBC}") = "GroomGuide", "GroomGuide.csproj", "{B5B68C54-8F3C-42F8-8D61-D9FEEE25EC7C}"
EndProject
Global
	GlobalSection(SolutionConfigurationPlatforms) = preSolution
		Debug|Any CPU = Debug|Any CPU
		Release|Any CPU = Release|Any CPU
	EndGlobalSection
	GlobalSection(ProjectConfigurationPlatforms) = postSolution
		{B5B68C54-8F3C-42F8-8D61-D9FEEE25EC7C}.Debug|Any CPU.ActiveCfg = Debug|Any CPU
		{B5B68C54-8F3C-42F8-8D61-D9FEEE25EC7C}.Debug|Any CPU.Build.0 = Debug|Any CPU
		{B5B68C54-8F3C-42F8-8D61-D9FEEE25EC7C}.Release|Any CPU.ActiveCfg = Release|Any CPU
		{B5B68C54-8F3C-42F8-8D61-D9FEEE25EC7C}.Release|Any CPU.Build.0 = Release|Any CPU
	EndGlobalSection
	GlobalSection(SolutionProperties) = preSolution
		HideSolutionNode = FALSE
	EndGlobalSection
	GlobalSection(ExtensibilityGlobals) = postSolution
		SolutionGuid = {41017439-DD41-4C0B-922A-008AEEE8DCA0}
	EndGlobalSection
EndGlobal
